
Microsoft Visual Studio Solution File, Format Version 12.00
# Visual Studio 15
VisualStudioVersion = 15.0.26124.0
MinimumVisualStudioVersion = 15.0.26124.0
Project("{FAE04EC0-301F-11D3-BF4B-00C04F79EFBC}") = "application", "Api.Application\application.csproj", "{D356CC47-41EE-4B95-8457-AD3D19A77F0F}"
EndProject
Project("{FAE04EC0-301F-11D3-BF4B-00C04F79EFBC}") = "Domain", "Api.Domain\Domain.csproj", "{B407993A-284E-4949-9308-D4E2A5BA92A6}"
EndProject
Project("{FAE04EC0-301F-11D3-BF4B-00C04F79EFBC}") = "CrossCutting", "Api.CrossCutting\CrossCutting.csproj", "{9B0229A4-EA1E-4181-BC47-46E6353FE685}"
EndProject
Project("{FAE04EC0-301F-11D3-BF4B-00C04F79EFBC}") = "Data", "Api.Data\Data.csproj", "{78CB02B7-0C14-44BA-AE43-694EC02A1D29}"
EndProject
Project("{FAE04EC0-301F-11D3-BF4B-00C04F79EFBC}") = "Service", "Api.Service\Service.csproj", "{BE402640-A076-4010-909D-8E9EAFF08A8D}"
EndProject
Project("{FAE04EC0-301F-11D3-BF4B-00C04F79EFBC}") = "Api.Data.Test", "Api.Data.Test\Api.Data.Test.csproj", "{38057546-B096-424A-840F-0177C39DB859}"
EndProject
Project("{FAE04EC0-301F-11D3-BF4B-00C04F79EFBC}") = "Api.Service.Test", "Api.Service.Test\Api.Service.Test.csproj", "{D8BCA8FB-63C6-4BF1-8F0F-B9AC0C435EF4}"
EndProject
Project("{FAE04EC0-301F-11D3-BF4B-00C04F79EFBC}") = "Api.Application.Test", "Api.Application.Test\Api.Application.Test.csproj", "{D9B91084-3B95-41C9-97F0-3B337F6CC961}"
EndProject
Project("{FAE04EC0-301F-11D3-BF4B-00C04F79EFBC}") = "Api.Integration.Test", "Api.Integration.Test\Api.Integration.Test.csproj", "{ACF6A615-67FC-42FA-A27F-36890F5105B7}"
EndProject
Global
	GlobalSection(SolutionConfigurationPlatforms) = preSolution
		Debug|Any CPU = Debug|Any CPU
		Debug|x64 = Debug|x64
		Debug|x86 = Debug|x86
		Release|Any CPU = Release|Any CPU
		Release|x64 = Release|x64
		Release|x86 = Release|x86
	EndGlobalSection
	GlobalSection(SolutionProperties) = preSolution
		HideSolutionNode = FALSE
	EndGlobalSection
	GlobalSection(ProjectConfigurationPlatforms) = postSolution
		{D356CC47-41EE-4B95-8457-AD3D19A77F0F}.Debug|Any CPU.ActiveCfg = Debug|Any CPU
		{D356CC47-41EE-4B95-8457-AD3D19A77F0F}.Debug|Any CPU.Build.0 = Debug|Any CPU
		{D356CC47-41EE-4B95-8457-AD3D19A77F0F}.Debug|x64.ActiveCfg = Debug|Any CPU
		{D356CC47-41EE-4B95-8457-AD3D19A77F0F}.Debug|x64.Build.0 = Debug|Any CPU
		{D356CC47-41EE-4B95-8457-AD3D19A77F0F}.Debug|x86.ActiveCfg = Debug|Any CPU
		{D356CC47-41EE-4B95-8457-AD3D19A77F0F}.Debug|x86.Build.0 = Debug|Any CPU
		{D356CC47-41EE-4B95-8457-AD3D19A77F0F}.Release|Any CPU.ActiveCfg = Release|Any CPU
		{D356CC47-41EE-4B95-8457-AD3D19A77F0F}.Release|Any CPU.Build.0 = Release|Any CPU
		{D356CC47-41EE-4B95-8457-AD3D19A77F0F}.Release|x64.ActiveCfg = Release|Any CPU
		{D356CC47-41EE-4B95-8457-AD3D19A77F0F}.Release|x64.Build.0 = Release|Any CPU
		{D356CC47-41EE-4B95-8457-AD3D19A77F0F}.Release|x86.ActiveCfg = Release|Any CPU
		{D356CC47-41EE-4B95-8457-AD3D19A77F0F}.Release|x86.Build.0 = Release|Any CPU
		{B407993A-284E-4949-9308-D4E2A5BA92A6}.Debug|Any CPU.ActiveCfg = Debug|Any CPU
		{B407993A-284E-4949-9308-D4E2A5BA92A6}.Debug|Any CPU.Build.0 = Debug|Any CPU
		{B407993A-284E-4949-9308-D4E2A5BA92A6}.Debug|x64.ActiveCfg = Debug|Any CPU
		{B407993A-284E-4949-9308-D4E2A5BA92A6}.Debug|x64.Build.0 = Debug|Any CPU
		{B407993A-284E-4949-9308-D4E2A5BA92A6}.Debug|x86.ActiveCfg = Debug|Any CPU
		{B407993A-284E-4949-9308-D4E2A5BA92A6}.Debug|x86.Build.0 = Debug|Any CPU
		{B407993A-284E-4949-9308-D4E2A5BA92A6}.Release|Any CPU.ActiveCfg = Release|Any CPU
		{B407993A-284E-4949-9308-D4E2A5BA92A6}.Release|Any CPU.Build.0 = Release|Any CPU
		{B407993A-284E-4949-9308-D4E2A5BA92A6}.Release|x64.ActiveCfg = Release|Any CPU
		{B407993A-284E-4949-9308-D4E2A5BA92A6}.Release|x64.Build.0 = Release|Any CPU
		{B407993A-284E-4949-9308-D4E2A5BA92A6}.Release|x86.ActiveCfg = Release|Any CPU
		{B407993A-284E-4949-9308-D4E2A5BA92A6}.Release|x86.Build.0 = Release|Any CPU
		{9B0229A4-EA1E-4181-BC47-46E6353FE685}.Debug|Any CPU.ActiveCfg = Debug|Any CPU
		{9B0229A4-EA1E-4181-BC47-46E6353FE685}.Debug|Any CPU.Build.0 = Debug|Any CPU
		{9B0229A4-EA1E-4181-BC47-46E6353FE685}.Debug|x64.ActiveCfg = Debug|Any CPU
		{9B0229A4-EA1E-4181-BC47-46E6353FE685}.Debug|x64.Build.0 = Debug|Any CPU
		{9B0229A4-EA1E-4181-BC47-46E6353FE685}.Debug|x86.ActiveCfg = Debug|Any CPU
		{9B0229A4-EA1E-4181-BC47-46E6353FE685}.Debug|x86.Build.0 = Debug|Any CPU
		{9B0229A4-EA1E-4181-BC47-46E6353FE685}.Release|Any CPU.ActiveCfg = Release|Any CPU
		{9B0229A4-EA1E-4181-BC47-46E6353FE685}.Release|Any CPU.Build.0 = Release|Any CPU
		{9B0229A4-EA1E-4181-BC47-46E6353FE685}.Release|x64.ActiveCfg = Release|Any CPU
		{9B0229A4-EA1E-4181-BC47-46E6353FE685}.Release|x64.Build.0 = Release|Any CPU
		{9B0229A4-EA1E-4181-BC47-46E6353FE685}.Release|x86.ActiveCfg = Release|Any CPU
		{9B0229A4-EA1E-4181-BC47-46E6353FE685}.Release|x86.Build.0 = Release|Any CPU
		{78CB02B7-0C14-44BA-AE43-694EC02A1D29}.Debug|Any CPU.ActiveCfg = Debug|Any CPU
		{78CB02B7-0C14-44BA-AE43-694EC02A1D29}.Debug|Any CPU.Build.0 = Debug|Any CPU
		{78CB02B7-0C14-44BA-AE43-694EC02A1D29}.Debug|x64.ActiveCfg = Debug|Any CPU
		{78CB02B7-0C14-44BA-AE43-694EC02A1D29}.Debug|x64.Build.0 = Debug|Any CPU
		{78CB02B7-0C14-44BA-AE43-694EC02A1D29}.Debug|x86.ActiveCfg = Debug|Any CPU
		{78CB02B7-0C14-44BA-AE43-694EC02A1D29}.Debug|x86.Build.0 = Debug|Any CPU
		{78CB02B7-0C14-44BA-AE43-694EC02A1D29}.Release|Any CPU.ActiveCfg = Release|Any CPU
		{78CB02B7-0C14-44BA-AE43-694EC02A1D29}.Release|Any CPU.Build.0 = Release|Any CPU
		{78CB02B7-0C14-44BA-AE43-694EC02A1D29}.Release|x64.ActiveCfg = Release|Any CPU
		{78CB02B7-0C14-44BA-AE43-694EC02A1D29}.Release|x64.Build.0 = Release|Any CPU
		{78CB02B7-0C14-44BA-AE43-694EC02A1D29}.Release|x86.ActiveCfg = Release|Any CPU
		{78CB02B7-0C14-44BA-AE43-694EC02A1D29}.Release|x86.Build.0 = Release|Any CPU
		{BE402640-A076-4010-909D-8E9EAFF08A8D}.Debug|Any CPU.ActiveCfg = Debug|Any CPU
		{BE402640-A076-4010-909D-8E9EAFF08A8D}.Debug|Any CPU.Build.0 = Debug|Any CPU
		{BE402640-A076-4010-909D-8E9EAFF08A8D}.Debug|x64.ActiveCfg = Debug|Any CPU
		{BE402640-A076-4010-909D-8E9EAFF08A8D}.Debug|x64.Build.0 = Debug|Any CPU
		{BE402640-A076-4010-909D-8E9EAFF08A8D}.Debug|x86.ActiveCfg = Debug|Any CPU
		{BE402640-A076-4010-909D-8E9EAFF08A8D}.Debug|x86.Build.0 = Debug|Any CPU
		{BE402640-A076-4010-909D-8E9EAFF08A8D}.Release|Any CPU.ActiveCfg = Release|Any CPU
		{BE402640-A076-4010-909D-8E9EAFF08A8D}.Release|Any CPU.Build.0 = Release|Any CPU
		{BE402640-A076-4010-909D-8E9EAFF08A8D}.Release|x64.ActiveCfg = Release|Any CPU
		{BE402640-A076-4010-909D-8E9EAFF08A8D}.Release|x64.Build.0 = Release|Any CPU
		{BE402640-A076-4010-909D-8E9EAFF08A8D}.Release|x86.ActiveCfg = Release|Any CPU
		{BE402640-A076-4010-909D-8E9EAFF08A8D}.Release|x86.Build.0 = Release|Any CPU
		{38057546-B096-424A-840F-0177C39DB859}.Debug|Any CPU.ActiveCfg = Debug|Any CPU
		{38057546-B096-424A-840F-0177C39DB859}.Debug|Any CPU.Build.0 = Debug|Any CPU
		{38057546-B096-424A-840F-0177C39DB859}.Debug|x64.ActiveCfg = Debug|Any CPU
		{38057546-B096-424A-840F-0177C39DB859}.Debug|x64.Build.0 = Debug|Any CPU
		{38057546-B096-424A-840F-0177C39DB859}.Debug|x86.ActiveCfg = Debug|Any CPU
		{38057546-B096-424A-840F-0177C39DB859}.Debug|x86.Build.0 = Debug|Any CPU
		{38057546-B096-424A-840F-0177C39DB859}.Release|Any CPU.ActiveCfg = Release|Any CPU
		{38057546-B096-424A-840F-0177C39DB859}.Release|Any CPU.Build.0 = Release|Any CPU
		{38057546-B096-424A-840F-0177C39DB859}.Release|x64.ActiveCfg = Release|Any CPU
		{38057546-B096-424A-840F-0177C39DB859}.Release|x64.Build.0 = Release|Any CPU
		{38057546-B096-424A-840F-0177C39DB859}.Release|x86.ActiveCfg = Release|Any CPU
		{38057546-B096-424A-840F-0177C39DB859}.Release|x86.Build.0 = Release|Any CPU
		{D8BCA8FB-63C6-4BF1-8F0F-B9AC0C435EF4}.Debug|Any CPU.ActiveCfg = Debug|Any CPU
		{D8BCA8FB-63C6-4BF1-8F0F-B9AC0C435EF4}.Debug|Any CPU.Build.0 = Debug|Any CPU
		{D8BCA8FB-63C6-4BF1-8F0F-B9AC0C435EF4}.Debug|x64.ActiveCfg = Debug|Any CPU
		{D8BCA8FB-63C6-4BF1-8F0F-B9AC0C435EF4}.Debug|x64.Build.0 = Debug|Any CPU
		{D8BCA8FB-63C6-4BF1-8F0F-B9AC0C435EF4}.Debug|x86.ActiveCfg = Debug|Any CPU
		{D8BCA8FB-63C6-4BF1-8F0F-B9AC0C435EF4}.Debug|x86.Build.0 = Debug|Any CPU
		{D8BCA8FB-63C6-4BF1-8F0F-B9AC0C435EF4}.Release|Any CPU.ActiveCfg = Release|Any CPU
		{D8BCA8FB-63C6-4BF1-8F0F-B9AC0C435EF4}.Release|Any CPU.Build.0 = Release|Any CPU
		{D8BCA8FB-63C6-4BF1-8F0F-B9AC0C435EF4}.Release|x64.ActiveCfg = Release|Any CPU
		{D8BCA8FB-63C6-4BF1-8F0F-B9AC0C435EF4}.Release|x64.Build.0 = Release|Any CPU
		{D8BCA8FB-63C6-4BF1-8F0F-B9AC0C435EF4}.Release|x86.ActiveCfg = Release|Any CPU
		{D8BCA8FB-63C6-4BF1-8F0F-B9AC0C435EF4}.Release|x86.Build.0 = Release|Any CPU
		{D9B91084-3B95-41C9-97F0-3B337F6CC961}.Debug|Any CPU.ActiveCfg = Debug|Any CPU
		{D9B91084-3B95-41C9-97F0-3B337F6CC961}.Debug|Any CPU.Build.0 = Debug|Any CPU
		{D9B91084-3B95-41C9-97F0-3B337F6CC961}.Debug|x64.ActiveCfg = Debug|Any CPU
		{D9B91084-3B95-41C9-97F0-3B337F6CC961}.Debug|x64.Build.0 = Debug|Any CPU
		{D9B91084-3B95-41C9-97F0-3B337F6CC961}.Debug|x86.ActiveCfg = Debug|Any CPU
		{D9B91084-3B95-41C9-97F0-3B337F6CC961}.Debug|x86.Build.0 = Debug|Any CPU
		{D9B91084-3B95-41C9-97F0-3B337F6CC961}.Release|Any CPU.ActiveCfg = Release|Any CPU
		{D9B91084-3B95-41C9-97F0-3B337F6CC961}.Release|Any CPU.Build.0 = Release|Any CPU
		{D9B91084-3B95-41C9-97F0-3B337F6CC961}.Release|x64.ActiveCfg = Release|Any CPU
		{D9B91084-3B95-41C9-97F0-3B337F6CC961}.Release|x64.Build.0 = Release|Any CPU
		{D9B91084-3B95-41C9-97F0-3B337F6CC961}.Release|x86.ActiveCfg = Release|Any CPU
		{D9B91084-3B95-41C9-97F0-3B337F6CC961}.Release|x86.Build.0 = Release|Any CPU
		{ACF6A615-67FC-42FA-A27F-36890F5105B7}.Debug|Any CPU.ActiveCfg = Debug|Any CPU
		{ACF6A615-67FC-42FA-A27F-36890F5105B7}.Debug|Any CPU.Build.0 = Debug|Any CPU
		{ACF6A615-67FC-42FA-A27F-36890F5105B7}.Debug|x64.ActiveCfg = Debug|Any CPU
		{ACF6A615-67FC-42FA-A27F-36890F5105B7}.Debug|x64.Build.0 = Debug|Any CPU
		{ACF6A615-67FC-42FA-A27F-36890F5105B7}.Debug|x86.ActiveCfg = Debug|Any CPU
		{ACF6A615-67FC-42FA-A27F-36890F5105B7}.Debug|x86.Build.0 = Debug|Any CPU
		{ACF6A615-67FC-42FA-A27F-36890F5105B7}.Release|Any CPU.ActiveCfg = Release|Any CPU
		{ACF6A615-67FC-42FA-A27F-36890F5105B7}.Release|Any CPU.Build.0 = Release|Any CPU
		{ACF6A615-67FC-42FA-A27F-36890F5105B7}.Release|x64.ActiveCfg = Release|Any CPU
		{ACF6A615-67FC-42FA-A27F-36890F5105B7}.Release|x64.Build.0 = Release|Any CPU
		{ACF6A615-67FC-42FA-A27F-36890F5105B7}.Release|x86.ActiveCfg = Release|Any CPU
		{ACF6A615-67FC-42FA-A27F-36890F5105B7}.Release|x86.Build.0 = Release|Any CPU
	EndGlobalSection
EndGlobal
